{
    "_meta": {
        "hash": {
            "sha256": "0b08253db3ce99dbf0842b7b80560fa333ee4aeae96ea938886c923d0c68779b"
        },
        "pipfile-spec": 6,
        "requires": {
            "python_version": "3.6.2"
        },
        "sources": [
            {
                "name": "pypi",
                "url": "https://pypi.org/simple",
                "verify_ssl": true
            }
        ]
    },
    "default": {},
    "develop": {}
}
